
Microsoft Visual Studio Solution File, Format Version 12.00
# Visual Studio Version 17
VisualStudioVersion = 17.0.31903.59
MinimumVisualStudioVersion = 10.0.40219.1
Project("{FAE04EC0-301F-11D3-BF4B-00C04F79EFBC}") = "BlazorApp1", "BlazorApp1\BlazorApp1.csproj", "{154C4E10-A7BA-482C-875D-BEB4CD509F83}"
EndProject
Project("{FAE04EC0-301F-11D3-BF4B-00C04F79EFBC}") = "RazorClassLibrary1", "RazorClassLibrary1\RazorClassLibrary1.csproj", "{6E01D663-3B54-49ED-8149-5FE9995B8478}"
EndProject
Global
	GlobalSection(SolutionConfigurationPlatforms) = preSolution
		Debug|Any CPU = Debug|Any CPU
		Release|Any CPU = Release|Any CPU
	EndGlobalSection
	GlobalSection(ProjectConfigurationPlatforms) = postSolution
		{154C4E10-A7BA-482C-875D-BEB4CD509F83}.Debug|Any CPU.ActiveCfg = Debug|Any CPU
		{154C4E10-A7BA-482C-875D-BEB4CD509F83}.Debug|Any CPU.Build.0 = Debug|Any CPU
		{154C4E10-A7BA-482C-875D-BEB4CD509F83}.Release|Any CPU.ActiveCfg = Release|Any CPU
		{154C4E10-A7BA-482C-875D-BEB4CD509F83}.Release|Any CPU.Build.0 = Release|Any CPU
		{6E01D663-3B54-49ED-8149-5FE9995B8478}.Debug|Any CPU.ActiveCfg = Debug|Any CPU
		{6E01D663-3B54-49ED-8149-5FE9995B8478}.Debug|Any CPU.Build.0 = Debug|Any CPU
		{6E01D663-3B54-49ED-8149-5FE9995B8478}.Release|Any CPU.ActiveCfg = Release|Any CPU
		{6E01D663-3B54-49ED-8149-5FE9995B8478}.Release|Any CPU.Build.0 = Release|Any CPU
	EndGlobalSection
	GlobalSection(SolutionProperties) = preSolution
		HideSolutionNode = FALSE
	EndGlobalSection
	GlobalSection(ExtensibilityGlobals) = postSolution
		SolutionGuid = {6394083A-1759-4750-9170-7F8B3805F845}
	EndGlobalSection
EndGlobal
